
Microsoft Visual Studio Solution File, Format Version 12.00
# Visual Studio Version 17
VisualStudioVersion = 17.7.34202.233
MinimumVisualStudioVersion = 10.0.40219.1
Project("{9A19103F-16F7-4668-BE54-9A1E7A4F7556}") = "Presentation", "Presentation\Presentation.csproj", "{27923837-ACF2-41FB-8112-924BD6772CA8}"
EndProject
Project("{9A19103F-16F7-4668-BE54-9A1E7A4F7556}") = "BusinessLayer", "BusinessLayer\BusinessLayer.csproj", "{B3B79B80-416D-4DCC-80D9-78A594DE2703}"
EndProject
Project("{9A19103F-16F7-4668-BE54-9A1E7A4F7556}") = "DataAccess", "DataAccess\DataAccess.csproj", "{FE9F3AA3-5BF3-4A9D-9A3B-09A973FB7949}"
EndProject
Project("{9A19103F-16F7-4668-BE54-9A1E7A4F7556}") = "ModelLayer", "ModelLayer\ModelLayer.csproj", "{205EC041-0E0B-4B16-AEC9-9EA0A9C846EE}"
EndProject
Project("{FAE04EC0-301F-11D3-BF4B-00C04F79EFBC}") = "WebAPI_BookStore", "WebAPI_BookStore\WebAPI_BookStore.csproj", "{D5018B01-1ECC-42D8-868A-1469F63B7881}"
EndProject
Global
	GlobalSection(SolutionConfigurationPlatforms) = preSolution
		Debug|Any CPU = Debug|Any CPU
		Release|Any CPU = Release|Any CPU
	EndGlobalSection
	GlobalSection(ProjectConfigurationPlatforms) = postSolution
		{27923837-ACF2-41FB-8112-924BD6772CA8}.Debug|Any CPU.ActiveCfg = Debug|Any CPU
		{27923837-ACF2-41FB-8112-924BD6772CA8}.Debug|Any CPU.Build.0 = Debug|Any CPU
		{27923837-ACF2-41FB-8112-924BD6772CA8}.Release|Any CPU.ActiveCfg = Release|Any CPU
		{27923837-ACF2-41FB-8112-924BD6772CA8}.Release|Any CPU.Build.0 = Release|Any CPU
		{B3B79B80-416D-4DCC-80D9-78A594DE2703}.Debug|Any CPU.ActiveCfg = Debug|Any CPU
		{B3B79B80-416D-4DCC-80D9-78A594DE2703}.Debug|Any CPU.Build.0 = Debug|Any CPU
		{B3B79B80-416D-4DCC-80D9-78A594DE2703}.Release|Any CPU.ActiveCfg = Release|Any CPU
		{B3B79B80-416D-4DCC-80D9-78A594DE2703}.Release|Any CPU.Build.0 = Release|Any CPU
		{FE9F3AA3-5BF3-4A9D-9A3B-09A973FB7949}.Debug|Any CPU.ActiveCfg = Debug|Any CPU
		{FE9F3AA3-5BF3-4A9D-9A3B-09A973FB7949}.Debug|Any CPU.Build.0 = Debug|Any CPU
		{FE9F3AA3-5BF3-4A9D-9A3B-09A973FB7949}.Release|Any CPU.ActiveCfg = Release|Any CPU
		{FE9F3AA3-5BF3-4A9D-9A3B-09A973FB7949}.Release|Any CPU.Build.0 = Release|Any CPU
		{205EC041-0E0B-4B16-AEC9-9EA0A9C846EE}.Debug|Any CPU.ActiveCfg = Debug|Any CPU
		{205EC041-0E0B-4B16-AEC9-9EA0A9C846EE}.Debug|Any CPU.Build.0 = Debug|Any CPU
		{205EC041-0E0B-4B16-AEC9-9EA0A9C846EE}.Release|Any CPU.ActiveCfg = Release|Any CPU
		{205EC041-0E0B-4B16-AEC9-9EA0A9C846EE}.Release|Any CPU.Build.0 = Release|Any CPU
		{D5018B01-1ECC-42D8-868A-1469F63B7881}.Debug|Any CPU.ActiveCfg = Debug|Any CPU
		{D5018B01-1ECC-42D8-868A-1469F63B7881}.Debug|Any CPU.Build.0 = Debug|Any CPU
		{D5018B01-1ECC-42D8-868A-1469F63B7881}.Release|Any CPU.ActiveCfg = Release|Any CPU
		{D5018B01-1ECC-42D8-868A-1469F63B7881}.Release|Any CPU.Build.0 = Release|Any CPU
	EndGlobalSection
	GlobalSection(SolutionProperties) = preSolution
		HideSolutionNode = FALSE
	EndGlobalSection
	GlobalSection(ExtensibilityGlobals) = postSolution
		SolutionGuid = {CDF7B5C3-00EB-4347-B355-11F9B5169620}
	EndGlobalSection
EndGlobal
